
Microsoft Visual Studio Solution File, Format Version 12.00
# Visual Studio 2013
VisualStudioVersion = 12.0.21005.1
MinimumVisualStudioVersion = 10.0.40219.1
Project("{8BC9CEB8-8B4A-11D0-8D11-00A0C91BC942}") = "1812756_NguyenTrongHieu_Lab02_Bai1", "1812756_NguyenTrongHieu_Lab02_Bai1\1812756_NguyenTrongHieu_Lab02_Bai1.vcxproj", "{CDE19869-1660-4970-9BEB-6A30A3F76BEC}"
EndProject
Global
	GlobalSection(SolutionConfigurationPlatforms) = preSolution
		Debug|Win32 = Debug|Win32
		Release|Win32 = Release|Win32
	EndGlobalSection
	GlobalSection(ProjectConfigurationPlatforms) = postSolution
		{CDE19869-1660-4970-9BEB-6A30A3F76BEC}.Debug|Win32.ActiveCfg = Debug|Win32
		{CDE19869-1660-4970-9BEB-6A30A3F76BEC}.Debug|Win32.Build.0 = Debug|Win32
		{CDE19869-1660-4970-9BEB-6A30A3F76BEC}.Release|Win32.ActiveCfg = Release|Win32
		{CDE19869-1660-4970-9BEB-6A30A3F76BEC}.Release|Win32.Build.0 = Release|Win32
	EndGlobalSection
	GlobalSection(SolutionProperties) = preSolution
		HideSolutionNode = FALSE
	EndGlobalSection
EndGlobal
