
Microsoft Visual Studio Solution File, Format Version 12.00
# Visual Studio Version 16
VisualStudioVersion = 16.0.29215.179
MinimumVisualStudioVersion = 10.0.40219.1
Project("{8BC9CEB8-8B4A-11D0-8D11-00A0C91BC942}") = "1812756_NguyenTrongHieu_Lab02_Bai3", "1812756_NguyenTrongHieu_Lab02_Bai3\1812756_NguyenTrongHieu_Lab02_Bai3.vcxproj", "{142F671B-B837-4624-B8B7-459E5CFBD89B}"
EndProject
Global
	GlobalSection(SolutionConfigurationPlatforms) = preSolution
		Debug|x64 = Debug|x64
		Debug|x86 = Debug|x86
		Release|x64 = Release|x64
		Release|x86 = Release|x86
	EndGlobalSection
	GlobalSection(ProjectConfigurationPlatforms) = postSolution
		{142F671B-B837-4624-B8B7-459E5CFBD89B}.Debug|x64.ActiveCfg = Debug|x64
		{142F671B-B837-4624-B8B7-459E5CFBD89B}.Debug|x64.Build.0 = Debug|x64
		{142F671B-B837-4624-B8B7-459E5CFBD89B}.Debug|x86.ActiveCfg = Debug|Win32
		{142F671B-B837-4624-B8B7-459E5CFBD89B}.Debug|x86.Build.0 = Debug|Win32
		{142F671B-B837-4624-B8B7-459E5CFBD89B}.Release|x64.ActiveCfg = Release|x64
		{142F671B-B837-4624-B8B7-459E5CFBD89B}.Release|x64.Build.0 = Release|x64
		{142F671B-B837-4624-B8B7-459E5CFBD89B}.Release|x86.ActiveCfg = Release|Win32
		{142F671B-B837-4624-B8B7-459E5CFBD89B}.Release|x86.Build.0 = Release|Win32
	EndGlobalSection
	GlobalSection(SolutionProperties) = preSolution
		HideSolutionNode = FALSE
	EndGlobalSection
	GlobalSection(ExtensibilityGlobals) = postSolution
		SolutionGuid = {DC959823-5F30-48E1-A72B-C3ADA3C9C0A6}
	EndGlobalSection
EndGlobal
